<?xml version="1.0" encoding="utf-8"?><WorkWithObjectsConfig xmlns:xsi="http://www.w3.org/2001/XMLSchema-instance" xmlns:xsd="http://www.w3.org/2001/XMLSchema"><Pattern /><Type>Image</Type><ShowAll>false</ShowAll><WSObjectsNames /><WSObjectsTypes /><ShowMore>false</ShowMore><Category>*All</Category><Parent /><ModifiedBy>false</ModifiedBy><Search /><UserName /><DateTypeFilter /><DateFilter>0001-01-01T00:00:00</DateFilter><ColumnNameSize>154</ColumnNameSize><ColumnTypeSize>153</ColumnTypeSize><ColumnModuleSize>151</ColumnModuleSize><ColumnDescriptionSize>154</ColumnDescriptionSize><ColumnDateSize>152</ColumnDateSize><ColumnUserSize>91</ColumnUserSize><ColumnImportDateSize>152</ColumnImportDateSize><ColumnSpecifiedDateSize>90</ColumnSpecifiedDateSize><ColumnNamePosition>1</ColumnNamePosition><ColumnTypePosition>2</ColumnTypePosition><ColumnModulePosition>3</ColumnModulePosition><ColumnDescriptionPosition>4</ColumnDescriptionPosition><ColumnDatePosition>5</ColumnDatePosition><ColumnUserPosition>6</ColumnUserPosition><ColumnImportDatePosition>8</ColumnImportDatePosition><ColumnSpecifiedDatePosition>11</ColumnSpecifiedDatePosition><FormWidth>1039</FormWidth><FormHeigth>741</FormHeigth></WorkWithObjectsConfig>